{"1.2.0",
[{<<"acceptor_pool">>,{pkg,<<"acceptor_pool">>,<<"1.0.1">>},2},
 {<<"backoff">>,{pkg,<<"backoff">>,<<"1.1.6">>},2},
 {<<"chatterbox">>,{pkg,<<"ts_chatterbox">>,<<"0.15.1">>},2},
 {<<"cowboy">>,{pkg,<<"cowboy">>,<<"2.13.0">>},1},
 {<<"cowlib">>,{pkg,<<"cowlib">>,<<"2.16.0">>},2},
 {<<"ctx">>,{pkg,<<"ctx">>,<<"0.6.0">>},2},
 {<<"erlydtl">>,{pkg,<<"erlydtl">>,<<"0.14.0">>},1},
 {<<"gproc">>,{pkg,<<"gproc">>,<<"0.9.1">>},2},
 {<<"grpcbox">>,{pkg,<<"grpcbox">>,<<"0.17.1">>},1},
 {<<"hpack">>,{pkg,<<"hpack_erl">>,<<"0.3.0">>},3},
 {<<"jhn_stdlib">>,{pkg,<<"jhn_stdlib">>,<<"5.4.0">>},1},
 {<<"jose">>,{pkg,<<"jose">>,<<"1.11.12">>},2},
 {<<"kura">>,{pkg,<<"kura">>,<<"1.19.2">>},0},
 {<<"luerl">>,{pkg,<<"luerl">>,<<"1.5.1">>},0},
 {<<"nova">>,{pkg,<<"nova">>,<<"0.14.1">>},0},
 {<<"nova_auth">>,{pkg,<<"nova_auth">>,<<"0.1.1">>},0},
 {<<"nova_auth_oidc">>,{pkg,<<"nova_auth_oidc">>,<<"0.1.0">>},0},
 {<<"nova_resilience">>,{pkg,<<"nova_resilience">>,<<"1.0.3">>},0},
 {<<"oidcc">>,{pkg,<<"oidcc">>,<<"3.7.0">>},1},
 {<<"opentelemetry">>,{pkg,<<"opentelemetry">>,<<"1.7.0">>},0},
 {<<"opentelemetry_api">>,{pkg,<<"opentelemetry_api">>,<<"1.5.0">>},1},
 {<<"opentelemetry_api_experimental">>,
  {pkg,<<"opentelemetry_api_experimental">>,<<"0.5.1">>},
  1},
 {<<"opentelemetry_experimental">>,
  {pkg,<<"opentelemetry_experimental">>,<<"0.5.1">>},
  1},
 {<<"opentelemetry_exporter">>,
  {pkg,<<"opentelemetry_exporter">>,<<"1.10.0">>},
  0},
 {<<"opentelemetry_kura">>,
  {git,"https://github.com/Taure/opentelemetry_kura.git",
       {ref,"2c3ed90c167d2e93e0fc072af1c68db7130a9ab5"}},
  0},
 {<<"opentelemetry_nova">>,
  {git,"https://github.com/novaframework/opentelemetry_nova.git",
       {ref,"787b1fd3a7e5ac378b15f4c1639cbae78a07001a"}},
  0},
 {<<"opentelemetry_shigoto">>,
  {git,"https://github.com/novaframework/opentelemetry_shigoto.git",
       {ref,"4c1e0615172b2ad2eaf5000dd45ba1a90a8bbe1d"}},
  0},
 {<<"pg_types">>,{pkg,<<"pg_types">>,<<"0.6.0">>},2},
 {<<"pgo">>,{pkg,<<"pgo">>,<<"0.20.0">>},1},
 {<<"ranch">>,{pkg,<<"ranch">>,<<"2.2.0">>},2},
 {<<"routing_tree">>,{pkg,<<"routing_tree">>,<<"1.0.11">>},1},
 {<<"seki">>,{pkg,<<"seki">>,<<"0.4.3">>},0},
 {<<"shigoto">>,{pkg,<<"shigoto">>,<<"1.2.2">>},0},
 {<<"ssl_verify_fun">>,{pkg,<<"ssl_verify_fun">>,<<"1.1.7">>},2},
 {<<"telemetry">>,{pkg,<<"telemetry">>,<<"1.4.1">>},1},
 {<<"telemetry_registry">>,{pkg,<<"telemetry_registry">>,<<"0.3.2">>},2},
 {<<"thoas">>,{pkg,<<"thoas">>,<<"1.2.1">>},1},
 {<<"tls_certificate_check">>,
  {pkg,<<"tls_certificate_check">>,<<"1.32.0">>},
  1}]}.
[
{pkg_hash,[
 {<<"acceptor_pool">>, <<"D88C2E8A0BE9216CF513FBCD3E5A4BEB36BEE3FF4168E85D6152C6F899359CDB">>},
 {<<"backoff">>, <<"83B72ED2108BA1EE8F7D1C22E0B4A00CFE3593A67DBC792799E8CCE9F42F796B">>},
 {<<"chatterbox">>, <<"5CAC4D15DD7AD61FC3C4415CE4826FC563D4643DEE897A558EC4EA0B1C835C9C">>},
 {<<"cowboy">>, <<"09D770DD5F6A22CC60C071F432CD7CB87776164527F205C5A6B0F24FF6B38990">>},
 {<<"cowlib">>, <<"54592074EBBBB92EE4746C8A8846E5605052F29309D3A873468D76CDF932076F">>},
 {<<"ctx">>, <<"8FF88B70E6400C4DF90142E7F130625B82086077A45364A78D208ED3ED53C7FE">>},
 {<<"erlydtl">>, <<"964B2DC84F8C17ACFAA69C59BA129EF26AC45D2BA898C3C6AD9B5BDC8BA13CED">>},
 {<<"gproc">>, <<"F1DF0364423539CF0B80E8201C8B1839E229E5F9B3CCB944C5834626998F5B8C">>},
 {<<"grpcbox">>, <<"6E040AB3EF16FE699FFB513B0EF8E2E896DA7B18931A1EF817143037C454BCCE">>},
 {<<"hpack">>, <<"2461899CC4AB6A0EF8E970C1661C5FC6A52D3C25580BC6DD204F84CE94669926">>},
 {<<"jhn_stdlib">>, <<"FAC6F19B35351278F1CB156E23A5B2A6047A9DD5AB1FD9E1189A7918006DF7ED">>},
 {<<"jose">>, <<"06E62B467B61D3726CBC19E9B5489F7549C37993DE846DFB3EE8259F9ED208B3">>},
 {<<"kura">>, <<"0F18565D91C947BE482DC670E285EBFDD50D1DB070DFFA75CD6D64C5D91A60B9">>},
 {<<"luerl">>, <<"F6700420950FC6889137E7A0C11C4A8467DEA04A8C23F707A40D83566D14E786">>},
 {<<"nova">>, <<"426AAA12DFB38E5CA4EC6EE3AA6066917BDCBD91C00BE53BF875161963CBA216">>},
 {<<"nova_auth">>, <<"59C481D5AF498AF8780936FB428E22320051D63A900F7D63E3692D302913369A">>},
 {<<"nova_auth_oidc">>, <<"C0077E345186F945CA12701366ED9953131CF585E5E91B26D6608AC0116D7B88">>},
 {<<"nova_resilience">>, <<"353C95496647B8FFF390D3367F2BA126F2998F6EACFFC4F06BA900CD401B3441">>},
 {<<"oidcc">>, <<"0AAD613C4C44D1E807C3BC0A6E01C353B9627303447F86AF429AEAC2D08C0A9E">>},
 {<<"opentelemetry">>, <<"20D0F12D3D1C398D3670FD44FD1A7C495DD748AB3E5B692A7906662E2FB1A38A">>},
 {<<"opentelemetry_api">>, <<"1A676F3E3340CAB81C763E939A42E11A70C22863F645AA06AAFEFC689B5550CF">>},
 {<<"opentelemetry_api_experimental">>, <<"1B5AFACFCBD0834390336C845BC8AE08C8CF0D69BBED72EE53D178798B93E074">>},
 {<<"opentelemetry_experimental">>, <<"27F60EA61B9E42F919C219D52DD17881057921150130B7EB9F15BC902F34F11D">>},
 {<<"opentelemetry_exporter">>, <<"972E142392DBFA679EC959914664ADEFEA38399E4F56CEBA5C473E1CABDBAD79">>},
 {<<"pg_types">>, <<"B530C56330A59288BE49CDD27739EC025B6E877A475AE70BF95B04F1E3A817C4">>},
 {<<"pgo">>, <<"4F4A1FCB0A4894311BE238195BDAD4DF80312AB091DB87FE5348FAFA4DA75F87">>},
 {<<"ranch">>, <<"25528F82BC8D7C6152C57666CA99EC716510FE0925CB188172F41CE93117B1B0">>},
 {<<"routing_tree">>, <<"72ACEF2095F0EC804F7AFD07EF781DDE5009425A1CA0A28F0706B1DB334A4812">>},
 {<<"seki">>, <<"3A9209AD6154DA08084E8409C8F97586C79855450A748D989EDF23483B90B8B8">>},
 {<<"shigoto">>, <<"7DAA82CD28FDAD50CDEF227B4B4BEE301EAA1F9CC1F5ED585EC756763178EABF">>},
 {<<"ssl_verify_fun">>, <<"354C321CF377240C7B8716899E182CE4890C5938111A1296ADD3EC74CF1715DF">>},
 {<<"telemetry">>, <<"AB6DE178E2B29B58E8256B92B382EA3F590A47152CA3651EA857A6CAE05AC423">>},
 {<<"telemetry_registry">>, <<"701576890320BE6428189BFF963E865E8F23E0FF3615EADE8F78662BE0FC003C">>},
 {<<"thoas">>, <<"19A25F31177A17E74004D4840F66D791D4298C5738790FA2CC73731EB911F195">>},
 {<<"tls_certificate_check">>, <<"A9BA9F1EA59F6728F564BC990047B56539C48F17866C2DEFA51D3C872A8DCDF6">>}]},
{pkg_hash_ext,[
 {<<"acceptor_pool">>, <<"F172F3D74513E8EDD445C257D596FC84DBDD56D2C6FA287434269648AE5A421E">>},
 {<<"backoff">>, <<"CF0CFFF8995FB20562F822E5CC47D8CCF664C5ECDC26A684CBE85C225F9D7C39">>},
 {<<"chatterbox">>, <<"4F75B91451338BC0DA5F52F3480FA6EF6E3A2AEECFC33686D6B3D0A0948F31AA">>},
 {<<"cowboy">>, <<"E724D3A70995025D654C1992C7B11DBFEA95205C047D86FF9BF1CDA92DDC5614">>},
 {<<"cowlib">>, <<"7F478D80D66B747344F0EA7708C187645CFCC08B11AA424632F78E25BF05DB51">>},
 {<<"ctx">>, <<"A14ED2D1B67723DBEBBE423B28D7615EB0BDCBA6FF28F2D1F1B0A7E1D4AA5FC2">>},
 {<<"erlydtl">>, <<"D80EC044CD8F58809C19D29AC5605BE09E955040911B644505E31E9DD8143431">>},
 {<<"gproc">>, <<"905088E32E72127ED9466F0BAC0D8E65704CA5E73EE5A62CB073C3117916D507">>},
 {<<"grpcbox">>, <<"4A3B5D7111DAABC569DC9CBD9B202A3237D81C80BF97212FBC676832CB0CEB17">>},
 {<<"hpack">>, <<"D6137D7079169D8C485C6962DFE261AF5B9EF60FBC557344511C1E65E3D95FB0">>},
 {<<"jhn_stdlib">>, <<"7EABD1B01D2DEFF495BF7C5CA1DBA4D3FA0B84DC3AF03CA85F31D52EBB03C6FC">>},
 {<<"jose">>, <<"31E92B653E9210B696765CDD885437457DE1ADD2A9011D92F8CF63E4641BAB7B">>},
 {<<"kura">>, <<"FFFC6FAB329813BE566BFAFA98CF11E932D80ECC661C83D94B6F6573A4A7CFFD">>},
 {<<"luerl">>, <<"ABF88D849BAA0D5DCA93B245A8688D4DE2EE3D588159BB2FAF51E15946509390">>},
 {<<"nova">>, <<"6E932989B70F4E235EBC8C7A6D0560E4B22A18760A651129BC84FA1A90C05B34">>},
 {<<"nova_auth">>, <<"57CBF808DCA21CA4BDB877A92476E78622240A633DC61DCF9C80F846E32574B3">>},
 {<<"nova_auth_oidc">>, <<"E7343A22815144E1ABFD1F73D93904FD0960E8A070E3C831FB5AE9BB0FABD69B">>},
 {<<"nova_resilience">>, <<"FFF1FE82634386A944553B2B2483AB3D140DAEA27A24A42AA1AFDD3E0BB97B0B">>},
 {<<"oidcc">>, <<"A7414B744DCD64D238DC48E93A9F298B7D18E06AE5E699A66C54DD43BD594FAE">>},
 {<<"opentelemetry">>, <<"A9173B058C4549BF824CBC2F1D2FA2ADC5CDEDC22AA3F0F826951187BBD53131">>},
 {<<"opentelemetry_api">>, <<"F53EC8A1337AE4A487D43AC89DA4BD3A3C99DDF576655D071DEED8B56A2D5DDA">>},
 {<<"opentelemetry_api_experimental">>, <<"10297057EADA47267D4F832011BECEF07D25690E6BF91FEBCCFC4E740DBA1A6F">>},
 {<<"opentelemetry_experimental">>, <<"A1AD941294F1D3623C33E151FAA35613849A10CB468DBFC9AD16367F7DDF80BF">>},
 {<<"opentelemetry_exporter">>, <<"33A116ED7304CB91783F779DEC02478F887C87988077BFD72840F760B8D4B952">>},
 {<<"pg_types">>, <<"9949A4849DD13408FA249AB7B745E0D2DFDB9532AEE2B9722326E33CD082A778">>},
 {<<"pgo">>, <<"2F11E6649CEB38E569EF56B16BE1D04874AE5B11A02867080A2817CE423C683B">>},
 {<<"ranch">>, <<"FA0B99A1780C80218A4197A59EA8D3BDAE32FBFF7E88527D7D8A4787EFF4F8E7">>},
 {<<"routing_tree">>, <<"85982C7AC502892C5179CD2A591331003BACD2D2A71723640BA7D23F45408E6E">>},
 {<<"seki">>, <<"5493BAC387329DE722AC5BCB967364CACECC104AE3E6ED143863453263DC6DB4">>},
 {<<"shigoto">>, <<"32BC87B8127507F31F2F007CB5B947C3AF4E3D1C9EC73059E72564E2F649A0DC">>},
 {<<"ssl_verify_fun">>, <<"FE4C190E8F37401D30167C8C405EDA19469F34577987C76DDE613E838BBC67F8">>},
 {<<"telemetry">>, <<"2172E05A27531D3D31DD9782841065C50DD5C3C7699D95266B2EDD54C2DAFA1C">>},
 {<<"telemetry_registry">>, <<"E7ED191EB1D115A3034AF8E1E35E4E63D5348851D556646D46CA3D1B4E16BAB9">>},
 {<<"thoas">>, <<"E38697EDFFD6E91BD12CEA41B155115282630075C2A727E7A6B2947F5408B86A">>},
 {<<"tls_certificate_check">>, <<"38E38DB768244D808E11ED27F812E7D927EA5F999007B07D0473DB44D7F7CC51">>}]}
].
